// !$*UTF8*$!
{
	archiveVersion = 1;
	classes = {
	};
	objectVersion = 46;
	objects = {

/* Begin PBXBuildFile section */
		822AADC11F9AC684009C17EB /* FeedViewModel.m in Sources */ = {isa = PBXBuildFile; fileRef = 822AADC01F9AC684009C17EB /* FeedViewModel.m */; };
		82A934771FA055BE005E1958 /* CoreLocation.framework in Frameworks */ = {isa = PBXBuildFile; fileRef = 82A934761FA055BE005E1958 /* CoreLocation.framework */; };
		82B421FB1F9AA233003A344C /* main.m in Sources */ = {isa = PBXBuildFile; fileRef = 82B421FA1F9AA233003A344C /* main.m */; };
		82B421FE1F9AA233003A344C /* AppDelegate.m in Sources */ = {isa = PBXBuildFile; fileRef = 82B421FD1F9AA233003A344C /* AppDelegate.m */; };
		82B422011F9AA233003A344C /* ViewController.m in Sources */ = {isa = PBXBuildFile; fileRef = 82B422001F9AA233003A344C /* ViewController.m */; };
		82B422041F9AA233003A344C /* Main.storyboard in Resources */ = {isa = PBXBuildFile; fileRef = 82B422021F9AA233003A344C /* Main.storyboard */; };
		82B422061F9AA233003A344C /* Assets.xcassets in Resources */ = {isa = PBXBuildFile; fileRef = 82B422051F9AA233003A344C /* Assets.xcassets */; };
		82B422091F9AA233003A344C /* LaunchScreen.storyboard in Resources */ = {isa = PBXBuildFile; fileRef = 82B422071F9AA233003A344C /* LaunchScreen.storyboard */; };
		82B422141F9AA233003A344C /* TestPOCTests.m in Sources */ = {isa = PBXBuildFile; fileRef = 82B422131F9AA233003A344C /* TestPOCTests.m */; };
		82B4221F1F9AA233003A344C /* TestPOCUITests.m in Sources */ = {isa = PBXBuildFile; fileRef = 82B4221E1F9AA233003A344C /* TestPOCUITests.m */; };
		82B4222E1F9AA2C8003A344C /* Feed.m in Sources */ = {isa = PBXBuildFile; fileRef = 82B4222D1F9AA2C8003A344C /* Feed.m */; };
/* End PBXBuildFile section */

/* Begin PBXContainerItemProxy section */
		82B422101F9AA233003A344C /* PBXContainerItemProxy */ = {
			isa = PBXContainerItemProxy;
			containerPortal = 82B421EE1F9AA233003A344C /* Project object */;
			proxyType = 1;
			remoteGlobalIDString = 82B421F51F9AA233003A344C;
			remoteInfo = TestPOC;
		};
		82B4221B1F9AA233003A344C /* PBXContainerItemProxy */ = {
			isa = PBXContainerItemProxy;
			containerPortal = 82B421EE1F9AA233003A344C /* Project object */;
			proxyType = 1;
			remoteGlobalIDString = 82B421F51F9AA233003A344C;
			remoteInfo = TestPOC;
		};
/* End PBXContainerItemProxy section */

/* Begin PBXFileReference section */
		822AADBF1F9AC684009C17EB /* FeedViewModel.h */ = {isa = PBXFileReference; fileEncoding = 4; lastKnownFileType = sourcecode.c.h; path = FeedViewModel.h; sourceTree = "<group>"; };
		822AADC01F9AC684009C17EB /* FeedViewModel.m */ = {isa = PBXFileReference; fileEncoding = 4; lastKnownFileType = sourcecode.c.objc; path = FeedViewModel.m; sourceTree = "<group>"; };
		82A934761FA055BE005E1958 /* CoreLocation.framework */ = {isa = PBXFileReference; lastKnownFileType = wrapper.framework; name = CoreLocation.framework; path = System/Library/Frameworks/CoreLocation.framework; sourceTree = SDKROOT; };
		82B421F61F9AA233003A344C /* TestPOC.app */ = {isa = PBXFileReference; explicitFileType = wrapper.application; includeInIndex = 0; path = TestPOC.app; sourceTree = BUILT_PRODUCTS_DIR; };
		82B421FA1F9AA233003A344C /* main.m */ = {isa = PBXFileReference; lastKnownFileType = sourcecode.c.objc; path = main.m; sourceTree = "<group>"; };
		82B421FC1F9AA233003A344C /* AppDelegate.h */ = {isa = PBXFileReference; lastKnownFileType = sourcecode.c.h; path = AppDelegate.h; sourceTree = "<group>"; };
		82B421FD1F9AA233003A344C /* AppDelegate.m */ = {isa = PBXFileReference; lastKnownFileType = sourcecode.c.objc; path = AppDelegate.m; sourceTree = "<group>"; };
		82B421FF1F9AA233003A344C /* ViewController.h */ = {isa = PBXFileReference; lastKnownFileType = sourcecode.c.h; path = ViewController.h; sourceTree = "<group>"; };
		82B422001F9AA233003A344C /* ViewController.m */ = {isa = PBXFileReference; lastKnownFileType = sourcecode.c.objc; path = ViewController.m; sourceTree = "<group>"; };
		82B422031F9AA233003A344C /* Base */ = {isa = PBXFileReference; lastKnownFileType = file.storyboard; name = Base; path = Base.lproj/Main.storyboard; sourceTree = "<group>"; };
		82B422051F9AA233003A344C /* Assets.xcassets */ = {isa = PBXFileReference; lastKnownFileType = folder.assetcatalog; path = Assets.xcassets; sourceTree = "<group>"; };
		82B422081F9AA233003A344C /* Base */ = {isa = PBXFileReference; lastKnownFileType = file.storyboard; name = Base; path = Base.lproj/LaunchScreen.storyboard; sourceTree = "<group>"; };
		82B4220A1F9AA233003A344C /* Info.plist */ = {isa = PBXFileReference; lastKnownFileType = text.plist.xml; path = Info.plist; sourceTree = "<group>"; };
		82B4220F1F9AA233003A344C /* TestPOCTests.xctest */ = {isa = PBXFileReference; explicitFileType = wrapper.cfbundle; includeInIndex = 0; path = TestPOCTests.xctest; sourceTree = BUILT_PRODUCTS_DIR; };
		82B422131F9AA233003A344C /* TestPOCTests.m */ = {isa = PBXFileReference; lastKnownFileType = sourcecode.c.objc; path = TestPOCTests.m; sourceTree = "<group>"; };
		82B422151F9AA233003A344C /* Info.plist */ = {isa = PBXFileReference; lastKnownFileType = text.plist.xml; path = Info.plist; sourceTree = "<group>"; };
		82B4221A1F9AA233003A344C /* TestPOCUITests.xctest */ = {isa = PBXFileReference; explicitFileType = wrapper.cfbundle; includeInIndex = 0; path = TestPOCUITests.xctest; sourceTree = BUILT_PRODUCTS_DIR; };
		82B4221E1F9AA233003A344C /* TestPOCUITests.m */ = {isa = PBXFileReference; lastKnownFileType = sourcecode.c.objc; path = TestPOCUITests.m; sourceTree = "<group>"; };
		82B422201F9AA233003A344C /* Info.plist */ = {isa = PBXFileReference; lastKnownFileType = text.plist.xml; path = Info.plist; sourceTree = "<group>"; };
		82B4222C1F9AA2C8003A344C /* Feed.h */ = {isa = PBXFileReference; fileEncoding = 4; lastKnownFileType = sourcecode.c.h; path = Feed.h; sourceTree = "<group>"; };
		82B4222D1F9AA2C8003A344C /* Feed.m */ = {isa = PBXFileReference; fileEncoding = 4; lastKnownFileType = sourcecode.c.objc; path = Feed.m; sourceTree = "<group>"; };
/* End PBXFileReference section */

/* Begin PBXFrameworksBuildPhase section */
		82B421F31F9AA233003A344C /* Frameworks */ = {
			isa = PBXFrameworksBuildPhase;
			buildActionMask = 2147483647;
			files = (
				82A934771FA055BE005E1958 /* CoreLocation.framework in Frameworks */,
			);
			runOnlyForDeploymentPostprocessing = 0;
		};
		82B4220C1F9AA233003A344C /* Frameworks */ = {
			isa = PBXFrameworksBuildPhase;
			buildActionMask = 2147483647;
			files = (
			);
			runOnlyForDeploymentPostprocessing = 0;
		};
		82B422171F9AA233003A344C /* Frameworks */ = {
			isa = PBXFrameworksBuildPhase;
			buildActionMask = 2147483647;
			files = (
			);
			runOnlyForDeploymentPostprocessing = 0;
		};
/* End PBXFrameworksBuildPhase section */

/* Begin PBXGroup section */
		82A934751FA055BE005E1958 /* Frameworks */ = {
			isa = PBXGroup;
			children = (
				82A934761FA055BE005E1958 /* CoreLocation.framework */,
			);
			name = Frameworks;
			sourceTree = "<group>";
		};
		82B421ED1F9AA233003A344C = {
			isa = PBXGroup;
			children = (
				82B421F81F9AA233003A344C /* TestPOC */,
				82B422121F9AA233003A344C /* TestPOCTests */,
				82B4221D1F9AA233003A344C /* TestPOCUITests */,
				82B421F71F9AA233003A344C /* Products */,
				82A934751FA055BE005E1958 /* Frameworks */,
			);
			sourceTree = "<group>";
		};
		82B421F71F9AA233003A344C /* Products */ = {
			isa = PBXGroup;
			children = (
				82B421F61F9AA233003A344C /* TestPOC.app */,
				82B4220F1F9AA233003A344C /* TestPOCTests.xctest */,
				82B4221A1F9AA233003A344C /* TestPOCUITests.xctest */,
			);
			name = Products;
			sourceTree = "<group>";
		};
		82B421F81F9AA233003A344C /* TestPOC */ = {
			isa = PBXGroup;
			children = (
				82B421FC1F9AA233003A344C /* AppDelegate.h */,
				82B421FD1F9AA233003A344C /* AppDelegate.m */,
				82B421FF1F9AA233003A344C /* ViewController.h */,
				82B422001F9AA233003A344C /* ViewController.m */,
				82B4222C1F9AA2C8003A344C /* Feed.h */,
				82B4222D1F9AA2C8003A344C /* Feed.m */,
				822AADBF1F9AC684009C17EB /* FeedViewModel.h */,
				822AADC01F9AC684009C17EB /* FeedViewModel.m */,
				82B422021F9AA233003A344C /* Main.storyboard */,
				82B422051F9AA233003A344C /* Assets.xcassets */,
				82B422071F9AA233003A344C /* LaunchScreen.storyboard */,
				82B4220A1F9AA233003A344C /* Info.plist */,
				82B421F91F9AA233003A344C /* Supporting Files */,
			);
			path = TestPOC;
			sourceTree = "<group>";
		};
		82B421F91F9AA233003A344C /* Supporting Files */ = {
			isa = PBXGroup;
			children = (
				82B421FA1F9AA233003A344C /* main.m */,
			);
			name = "Supporting Files";
			sourceTree = "<group>";
		};
		82B422121F9AA233003A344C /* TestPOCTests */ = {
			isa = PBXGroup;
			children = (
				82B422131F9AA233003A344C /* TestPOCTests.m */,
				82B422151F9AA233003A344C /* Info.plist */,
			);
			path = TestPOCTests;
			sourceTree = "<group>";
		};
		82B4221D1F9AA233003A344C /* TestPOCUITests */ = {
			isa = PBXGroup;
			children = (
				82B4221E1F9AA233003A344C /* TestPOCUITests.m */,
				82B422201F9AA233003A344C /* Info.plist */,
			);
			path = TestPOCUITests;
			sourceTree = "<group>";
		};
/* End PBXGroup section */

/* Begin PBXNativeTarget section */
		82B421F51F9AA233003A344C /* TestPOC */ = {
			isa = PBXNativeTarget;
			buildConfigurationList = 82B422231F9AA234003A344C /* Build configuration list for PBXNativeTarget "TestPOC" */;
			buildPhases = (
				82B421F21F9AA233003A344C /* Sources */,
				82B421F31F9AA233003A344C /* Frameworks */,
				82B421F41F9AA233003A344C /* Resources */,
			);
			buildRules = (
			);
			dependencies = (
			);
			name = TestPOC;
			productName = TestPOC;
			productReference = 82B421F61F9AA233003A344C /* TestPOC.app */;
			productType = "com.apple.product-type.application";
		};
		82B4220E1F9AA233003A344C /* TestPOCTests */ = {
			isa = PBXNativeTarget;
			buildConfigurationList = 82B422261F9AA234003A344C /* Build configuration list for PBXNativeTarget "TestPOCTests" */;
			buildPhases = (
				82B4220B1F9AA233003A344C /* Sources */,
				82B4220C1F9AA233003A344C /* Frameworks */,
				82B4220D1F9AA233003A344C /* Resources */,
			);
			buildRules = (
			);
			dependencies = (
				82B422111F9AA233003A344C /* PBXTargetDependency */,
			);
			name = TestPOCTests;
			productName = TestPOCTests;
			productReference = 82B4220F1F9AA233003A344C /* TestPOCTests.xctest */;
			productType = "com.apple.product-type.bundle.unit-test";
		};
		82B422191F9AA233003A344C /* TestPOCUITests */ = {
			isa = PBXNativeTarget;
			buildConfigurationList = 82B422291F9AA234003A344C /* Build configuration list for PBXNativeTarget "TestPOCUITests" */;
			buildPhases = (
				82B422161F9AA233003A344C /* Sources */,
				82B422171F9AA233003A344C /* Frameworks */,
				82B422181F9AA233003A344C /* Resources */,
			);
			buildRules = (
			);
			dependencies = (
				82B4221C1F9AA233003A344C /* PBXTargetDependency */,
			);
			name = TestPOCUITests;
			productName = TestPOCUITests;
			productReference = 82B4221A1F9AA233003A344C /* TestPOCUITests.xctest */;
			productType = "com.apple.product-type.bundle.ui-testing";
		};
/* End PBXNativeTarget section */

/* Begin PBXProject section */
		82B421EE1F9AA233003A344C /* Project object */ = {
			isa = PBXProject;
			attributes = {
				LastUpgradeCheck = 0820;
				ORGANIZATIONNAME = TestPOC;
				TargetAttributes = {
					82B421F51F9AA233003A344C = {
						CreatedOnToolsVersion = 8.2.1;
						ProvisioningStyle = Automatic;
					};
					82B4220E1F9AA233003A344C = {
						CreatedOnToolsVersion = 8.2.1;
						ProvisioningStyle = Automatic;
						TestTargetID = 82B421F51F9AA233003A344C;
					};
					82B422191F9AA233003A344C = {
						CreatedOnToolsVersion = 8.2.1;
						ProvisioningStyle = Automatic;
						TestTargetID = 82B421F51F9AA233003A344C;
					};
				};
			};
			buildConfigurationList = 82B421F11F9AA233003A344C /* Build configuration list for PBXProject "TestPOC" */;
			compatibilityVersion = "Xcode 3.2";
			developmentRegion = English;
			hasScannedForEncodings = 0;
			knownRegions = (
				en,
				Base,
			);
			mainGroup = 82B421ED1F9AA233003A344C;
			productRefGroup = 82B421F71F9AA233003A344C /* Products */;
			projectDirPath = "";
			projectRoot = "";
			targets = (
				82B421F51F9AA233003A344C /* TestPOC */,
				82B4220E1F9AA233003A344C /* TestPOCTests */,
				82B422191F9AA233003A344C /* TestPOCUITests */,
			);
		};
/* End PBXProject section */

/* Begin PBXResourcesBuildPhase section */
		82B421F41F9AA233003A344C /* Resources */ = {
			isa = PBXResourcesBuildPhase;
			buildActionMask = 2147483647;
			files = (
				82B422091F9AA233003A344C /* LaunchScreen.storyboard in Resources */,
				82B422061F9AA233003A344C /* Assets.xcassets in Resources */,
				82B422041F9AA233003A344C /* Main.storyboard in Resources */,
			);
			runOnlyForDeploymentPostprocessing = 0;
		};
		82B4220D1F9AA233003A344C /* Resources */ = {
			isa = PBXResourcesBuildPhase;
			buildActionMask = 2147483647;
			files = (
			);
			runOnlyForDeploymentPostprocessing = 0;
		};
		82B422181F9AA233003A344C /* Resources */ = {
			isa = PBXResourcesBuildPhase;
			buildActionMask = 2147483647;
			files = (
			);
			runOnlyForDeploymentPostprocessing = 0;
		};
/* End PBXResourcesBuildPhase section */

/* Begin PBXSourcesBuildPhase section */
		82B421F21F9AA233003A344C /* Sources */ = {
			isa = PBXSourcesBuildPhase;
			buildActionMask = 2147483647;
			files = (
				82B422011F9AA233003A344C /* ViewController.m in Sources */,
				82B4222E1F9AA2C8003A344C /* Feed.m in Sources */,
				822AADC11F9AC684009C17EB /* FeedViewModel.m in Sources */,
				82B421FE1F9AA233003A344C /* AppDelegate.m in Sources */,
				82B421FB1F9AA233003A344C /* main.m in Sources */,
			);
			runOnlyForDeploymentPostprocessing = 0;
		};
		82B4220B1F9AA233003A344C /* Sources */ = {
			isa = PBXSourcesBuildPhase;
			buildActionMask = 2147483647;
			files = (
				82B422141F9AA233003A344C /* TestPOCTests.m in Sources */,
			);
			runOnlyForDeploymentPostprocessing = 0;
		};
		82B422161F9AA233003A344C /* Sources */ = {
			isa = PBXSourcesBuildPhase;
			buildActionMask = 2147483647;
			files = (
				82B4221F1F9AA233003A344C /* TestPOCUITests.m in Sources */,
			);
			runOnlyForDeploymentPostprocessing = 0;
		};
/* End PBXSourcesBuildPhase section */

/* Begin PBXTargetDependency section */
		82B422111F9AA233003A344C /* PBXTargetDependency */ = {
			isa = PBXTargetDependency;
			target = 82B421F51F9AA233003A344C /* TestPOC */;
			targetProxy = 82B422101F9AA233003A344C /* PBXContainerItemProxy */;
		};
		82B4221C1F9AA233003A344C /* PBXTargetDependency */ = {
			isa = PBXTargetDependency;
			target = 82B421F51F9AA233003A344C /* TestPOC */;
			targetProxy = 82B4221B1F9AA233003A344C /* PBXContainerItemProxy */;
		};
/* End PBXTargetDependency section */

/* Begin PBXVariantGroup section */
		82B422021F9AA233003A344C /* Main.storyboard */ = {
			isa = PBXVariantGroup;
			children = (
				82B422031F9AA233003A344C /* Base */,
			);
			name = Main.storyboard;
			sourceTree = "<group>";
		};
		82B422071F9AA233003A344C /* LaunchScreen.storyboard */ = {
			isa = PBXVariantGroup;
			children = (
				82B422081F9AA233003A344C /* Base */,
			);
			name = LaunchScreen.storyboard;
			sourceTree = "<group>";
		};
/* End PBXVariantGroup section */

/* Begin XCBuildConfiguration section */
		82B422211F9AA233003A344C /* Debug */ = {
			isa = XCBuildConfiguration;
			buildSettings = {
				ALWAYS_SEARCH_USER_PATHS = NO;
				CLANG_ANALYZER_NONNULL = YES;
				CLANG_CXX_LANGUAGE_STANDARD = "gnu++0x";
				CLANG_CXX_LIBRARY = "libc++";
				CLANG_ENABLE_MODULES = YES;
				CLANG_ENABLE_OBJC_ARC = YES;
				CLANG_WARN_BOOL_CONVERSION = YES;
				CLANG_WARN_CONSTANT_CONVERSION = YES;
				CLANG_WARN_DIRECT_OBJC_ISA_USAGE = YES_ERROR;
				CLANG_WARN_DOCUMENTATION_COMMENTS = YES;
				CLANG_WARN_EMPTY_BODY = YES;
				CLANG_WARN_ENUM_CONVERSION = YES;
				CLANG_WARN_INFINITE_RECURSION = YES;
				CLANG_WARN_INT_CONVERSION = YES;
				CLANG_WARN_OBJC_ROOT_CLASS = YES_ERROR;
				CLANG_WARN_SUSPICIOUS_MOVE = YES;
				CLANG_WARN_UNREACHABLE_CODE = YES;
				CLANG_WARN__DUPLICATE_METHOD_MATCH = YES;
				"CODE_SIGN_IDENTITY[sdk=iphoneos*]" = "iPhone Developer";
				COPY_PHASE_STRIP = NO;
				DEBUG_INFORMATION_FORMAT = dwarf;
				ENABLE_STRICT_OBJC_MSGSEND = YES;
				ENABLE_TESTABILITY = YES;
				GCC_C_LANGUAGE_STANDARD = gnu99;
				GCC_DYNAMIC_NO_PIC = NO;
				GCC_NO_COMMON_BLOCKS = YES;
				GCC_OPTIMIZATION_LEVEL = 0;
				GCC_PREPROCESSOR_DEFINITIONS = (
					"DEBUG=1",
					"$(inherited)",
				);
				GCC_WARN_64_TO_32_BIT_CONVERSION = YES;
				GCC_WARN_ABOUT_RETURN_TYPE = YES_ERROR;
				GCC_WARN_UNDECLARED_SELECTOR = YES;
				GCC_WARN_UNINITIALIZED_AUTOS = YES_AGGRESSIVE;
				GCC_WARN_UNUSED_FUNCTION = YES;
				GCC_WARN_UNUSED_VARIABLE = YES;
				IPHONEOS_DEPLOYMENT_TARGET = 10.2;
				MTL_ENABLE_DEBUG_INFO = YES;
				ONLY_ACTIVE_ARCH = YES;
				SDKROOT = iphoneos;
				TARGETED_DEVICE_FAMILY = "1,2";
			};
			name = Debug;
		};
		82B422221F9AA233003A344C /* Release */ = {
			isa = XCBuildConfiguration;
			buildSettings = {
				ALWAYS_SEARCH_USER_PATHS = NO;
				CLANG_ANALYZER_NONNULL = YES;
				CLANG_CXX_LANGUAGE_STANDARD = "gnu++0x";
				CLANG_CXX_LIBRARY = "libc++";
				CLANG_ENABLE_MODULES = YES;
				CLANG_ENABLE_OBJC_ARC = YES;
				CLANG_WARN_BOOL_CONVERSION = YES;
				CLANG_WARN_CONSTANT_CONVERSION = YES;
				CLANG_WARN_DIRECT_OBJC_ISA_USAGE = YES_ERROR;
				CLANG_WARN_DOCUMENTATION_COMMENTS = YES;
				CLANG_WARN_EMPTY_BODY = YES;
				CLANG_WARN_ENUM_CONVERSION = YES;
				CLANG_WARN_INFINITE_RECURSION = YES;
				CLANG_WARN_INT_CONVERSION = YES;
				CLANG_WARN_OBJC_ROOT_CLASS = YES_ERROR;
				CLANG_WARN_SUSPICIOUS_MOVE = YES;
				CLANG_WARN_UNREACHABLE_CODE = YES;
				CLANG_WARN__DUPLICATE_METHOD_MATCH = YES;
				"CODE_SIGN_IDENTITY[sdk=iphoneos*]" = "iPhone Developer";
				COPY_PHASE_STRIP = NO;
				DEBUG_INFORMATION_FORMAT = "dwarf-with-dsym";
				ENABLE_NS_ASSERTIONS = NO;
				ENABLE_STRICT_OBJC_MSGSEND = YES;
				GCC_C_LANGUAGE_STANDARD = gnu99;
				GCC_NO_COMMON_BLOCKS = YES;
				GCC_WARN_64_TO_32_BIT_CONVERSION = YES;
				GCC_WARN_ABOUT_RETURN_TYPE = YES_ERROR;
				GCC_WARN_UNDECLARED_SELECTOR = YES;
				GCC_WARN_UNINITIALIZED_AUTOS = YES_AGGRESSIVE;
				GCC_WARN_UNUSED_FUNCTION = YES;
				GCC_WARN_UNUSED_VARIABLE = YES;
				IPHONEOS_DEPLOYMENT_TARGET = 10.2;
				MTL_ENABLE_DEBUG_INFO = NO;
				SDKROOT = iphoneos;
				TARGETED_DEVICE_FAMILY = "1,2";
				VALIDATE_PRODUCT = YES;
			};
			name = Release;
		};
		82B422241F9AA234003A344C /* Debug */ = {
			isa = XCBuildConfiguration;
			buildSettings = {
				ASSETCATALOG_COMPILER_APPICON_NAME = AppIcon;
				INFOPLIST_FILE = TestPOC/Info.plist;
				LD_RUNPATH_SEARCH_PATHS = "$(inherited) @executable_path/Frameworks";
				PRODUCT_BUNDLE_IDENTIFIER = com.testpoc.TestPOC;
				PRODUCT_NAME = "$(TARGET_NAME)";
			};
			name = Debug;
		};
		82B422251F9AA234003A344C /* Release */ = {
			isa = XCBuildConfiguration;
			buildSettings = {
				ASSETCATALOG_COMPILER_APPICON_NAME = AppIcon;
				INFOPLIST_FILE = TestPOC/Info.plist;
				LD_RUNPATH_SEARCH_PATHS = "$(inherited) @executable_path/Frameworks";
				PRODUCT_BUNDLE_IDENTIFIER = com.testpoc.TestPOC;
				PRODUCT_NAME = "$(TARGET_NAME)";
			};
			name = Release;
		};
		82B422271F9AA234003A344C /* Debug */ = {
			isa = XCBuildConfiguration;
			buildSettings = {
				BUNDLE_LOADER = "$(TEST_HOST)";
				INFOPLIST_FILE = TestPOCTests/Info.plist;
				LD_RUNPATH_SEARCH_PATHS = "$(inherited) @executable_path/Frameworks @loader_path/Frameworks";
				PRODUCT_BUNDLE_IDENTIFIER = com.testpoc.TestPOCTests;
				PRODUCT_NAME = "$(TARGET_NAME)";
				TEST_HOST = "$(BUILT_PRODUCTS_DIR)/TestPOC.app/TestPOC";
			};
			name = Debug;
		};
		82B422281F9AA234003A344C /* Release */ = {
			isa = XCBuildConfiguration;
			buildSettings = {
				BUNDLE_LOADER = "$(TEST_HOST)";
				INFOPLIST_FILE = TestPOCTests/Info.plist;
				LD_RUNPATH_SEARCH_PATHS = "$(inherited) @executable_path/Frameworks @loader_path/Frameworks";
				PRODUCT_BUNDLE_IDENTIFIER = com.testpoc.TestPOCTests;
				PRODUCT_NAME = "$(TARGET_NAME)";
				TEST_HOST = "$(BUILT_PRODUCTS_DIR)/TestPOC.app/TestPOC";
			};
			name = Release;
		};
		82B4222A1F9AA234003A344C /* Debug */ = {
			isa = XCBuildConfiguration;
			buildSettings = {
				INFOPLIST_FILE = TestPOCUITests/Info.plist;
				LD_RUNPATH_SEARCH_PATHS = "$(inherited) @executable_path/Frameworks @loader_path/Frameworks";
				PRODUCT_BUNDLE_IDENTIFIER = com.testpoc.TestPOCUITests;
				PRODUCT_NAME = "$(TARGET_NAME)";
				TEST_TARGET_NAME = TestPOC;
			};
			name = Debug;
		};
		82B4222B1F9AA234003A344C /* Release */ = {
			isa = XCBuildConfiguration;
			buildSettings = {
				INFOPLIST_FILE = TestPOCUITests/Info.plist;
				LD_RUNPATH_SEARCH_PATHS = "$(inherited) @executable_path/Frameworks @loader_path/Frameworks";
				PRODUCT_BUNDLE_IDENTIFIER = com.testpoc.TestPOCUITests;
				PRODUCT_NAME = "$(TARGET_NAME)";
				TEST_TARGET_NAME = TestPOC;
			};
			name = Release;
		};
/* End XCBuildConfiguration section */

/* Begin XCConfigurationList section */
		82B421F11F9AA233003A344C /* Build configuration list for PBXProject "TestPOC" */ = {
			isa = XCConfigurationList;
			buildConfigurations = (
				82B422211F9AA233003A344C /* Debug */,
				82B422221F9AA233003A344C /* Release */,
			);
			defaultConfigurationIsVisible = 0;
			defaultConfigurationName = Release;
		};
		82B422231F9AA234003A344C /* Build configuration list for PBXNativeTarget "TestPOC" */ = {
			isa = XCConfigurationList;
			buildConfigurations = (
				82B422241F9AA234003A344C /* Debug */,
				82B422251F9AA234003A344C /* Release */,
			);
			defaultConfigurationIsVisible = 0;
			defaultConfigurationName = Release;
		};
		82B422261F9AA234003A344C /* Build configuration list for PBXNativeTarget "TestPOCTests" */ = {
			isa = XCConfigurationList;
			buildConfigurations = (
				82B422271F9AA234003A344C /* Debug */,
				82B422281F9AA234003A344C /* Release */,
			);
			defaultConfigurationIsVisible = 0;
			defaultConfigurationName = Release;
		};
		82B422291F9AA234003A344C /* Build configuration list for PBXNativeTarget "TestPOCUITests" */ = {
			isa = XCConfigurationList;
			buildConfigurations = (
				82B4222A1F9AA234003A344C /* Debug */,
				82B4222B1F9AA234003A344C /* Release */,
			);
			defaultConfigurationIsVisible = 0;
			defaultConfigurationName = Release;
		};
/* End XCConfigurationList section */
	};
	rootObject = 82B421EE1F9AA233003A344C /* Project object */;
}
